
Microsoft Visual Studio Solution File, Format Version 12.00
Project("{FAE04EC0-301F-11D3-BF4B-00C04F79EFBC}") = "FTM.Lib", "FTM.Lib\FTM.Lib.csproj", "{7B96ADBF-2B5A-4D69-B57F-63C5B6586046}"
EndProject
Project("{FAE04EC0-301F-11D3-BF4B-00C04F79EFBC}") = "FTM.Lib.Tests", "FTM.Lib.Tests\FTM.Lib.Tests.csproj", "{C420E5D0-A5E9-4F97-8304-EC4E7FC4333B}"
EndProject
Project("{FAE04EC0-301F-11D3-BF4B-00C04F79EFBC}") = "FTM.App", "FTM.App\FTM.App.csproj", "{A8BFE2A7-AD51-4ED3-8A69-9F925680E82E}"
EndProject
Global
	GlobalSection(SolutionConfigurationPlatforms) = preSolution
		Debug|Any CPU = Debug|Any CPU
		Release|Any CPU = Release|Any CPU
	EndGlobalSection
	GlobalSection(ProjectConfigurationPlatforms) = postSolution
		{7B96ADBF-2B5A-4D69-B57F-63C5B6586046}.Debug|Any CPU.ActiveCfg = Debug|Any CPU
		{7B96ADBF-2B5A-4D69-B57F-63C5B6586046}.Debug|Any CPU.Build.0 = Debug|Any CPU
		{7B96ADBF-2B5A-4D69-B57F-63C5B6586046}.Release|Any CPU.ActiveCfg = Release|Any CPU
		{7B96ADBF-2B5A-4D69-B57F-63C5B6586046}.Release|Any CPU.Build.0 = Release|Any CPU
		{C420E5D0-A5E9-4F97-8304-EC4E7FC4333B}.Debug|Any CPU.ActiveCfg = Debug|Any CPU
		{C420E5D0-A5E9-4F97-8304-EC4E7FC4333B}.Debug|Any CPU.Build.0 = Debug|Any CPU
		{C420E5D0-A5E9-4F97-8304-EC4E7FC4333B}.Release|Any CPU.ActiveCfg = Release|Any CPU
		{C420E5D0-A5E9-4F97-8304-EC4E7FC4333B}.Release|Any CPU.Build.0 = Release|Any CPU
		{A8BFE2A7-AD51-4ED3-8A69-9F925680E82E}.Debug|Any CPU.ActiveCfg = Debug|Any CPU
		{A8BFE2A7-AD51-4ED3-8A69-9F925680E82E}.Debug|Any CPU.Build.0 = Debug|Any CPU
		{A8BFE2A7-AD51-4ED3-8A69-9F925680E82E}.Release|Any CPU.ActiveCfg = Release|Any CPU
		{A8BFE2A7-AD51-4ED3-8A69-9F925680E82E}.Release|Any CPU.Build.0 = Release|Any CPU
	EndGlobalSection
EndGlobal
